
Microsoft Visual Studio Solution File, Format Version 12.00
# Visual Studio Version 16
VisualStudioVersion = 16.0.30611.23
MinimumVisualStudioVersion = 10.0.40219.1
Project("{FAE04EC0-301F-11D3-BF4B-00C04F79EFBC}") = "RESTQTool", "RESTQTool\RESTQTool.csproj", "{8E205B4E-0E50-4C0D-A0AB-57BD01B3F94D}"
EndProject
Global
	GlobalSection(SolutionConfigurationPlatforms) = preSolution
		Debug|Any CPU = Debug|Any CPU
		Release|Any CPU = Release|Any CPU
	EndGlobalSection
	GlobalSection(ProjectConfigurationPlatforms) = postSolution
		{8E205B4E-0E50-4C0D-A0AB-57BD01B3F94D}.Debug|Any CPU.ActiveCfg = Debug|Any CPU
		{8E205B4E-0E50-4C0D-A0AB-57BD01B3F94D}.Debug|Any CPU.Build.0 = Debug|Any CPU
		{8E205B4E-0E50-4C0D-A0AB-57BD01B3F94D}.Release|Any CPU.ActiveCfg = Release|Any CPU
		{8E205B4E-0E50-4C0D-A0AB-57BD01B3F94D}.Release|Any CPU.Build.0 = Release|Any CPU
	EndGlobalSection
	GlobalSection(SolutionProperties) = preSolution
		HideSolutionNode = FALSE
	EndGlobalSection
	GlobalSection(ExtensibilityGlobals) = postSolution
		SolutionGuid = {7054242D-E66E-4DDD-A392-D61B9EB6944A}
	EndGlobalSection
EndGlobal
